{
  "name": "@xuanji/weixin-gateway",
  "version": "0.1.0",
  "lockfileVersion": 3,
  "requires": true,
  "packages": {
    "": {
      "name": "@xuanji/weixin-gateway",
      "version": "0.1.0",
      "license": "MIT",
      "bin": {
        "weixin-gateway": "src/cli.js"
      },
      "engines": {
        "node": ">=22"
      }
    }
  }
}
